schema: '2.0'
stages:
  process:
    cmd: python process_data.py
    deps:
    - path: data/data_raw.csv
      hash: md5
      md5: a57ebd7376e5e71c84aedc1205c300dc
      size: 53054376
    - path: process_data.py
      hash: md5
      md5: acd146ef79952e22889adb17e3772634
      size: 5979
    outs:
    - path: data/processed/test_processed.npz
      hash: md5
      md5: c009365e60ff92b8bb20d805a9fc790d
      size: 5887418
    - path: data/processed/train_processed.npz
      hash: md5
      md5: dc7d605207cb90fad9e3a50a67fab5d2
      size: 23869756
  train:
    cmd: python train.py
    deps:
    - path: data/processed/test_processed.npz
      hash: md5
      md5: c009365e60ff92b8bb20d805a9fc790d
      size: 5887418
    - path: data/processed/train_processed.npz
      hash: md5
      md5: dc7d605207cb90fad9e3a50a67fab5d2
      size: 23869756
    - path: train.py
      hash: md5
      md5: fdaa9e43db67aeebb705571ab14b2417
      size: 3191
    outs:
    - path: metrics/confusion_matrix.png
      hash: md5
      md5: 05e108e9fa195016f1c4aca23f8d9df5
      size: 22098
    - path: metrics/metrics.json
      hash: md5
      md5: 555e618a4e077f9420d3852b22083b74
      size: 203
