schema: '2.0'
stages:
  process:
    cmd: python process_data.py
    deps:
    - path: data/data_raw.csv
      hash: md5
      md5: a57ebd7376e5e71c84aedc1205c300dc
      size: 53054376
    - path: process_data.py
      hash: md5
      md5: dd669988ac329b5fdd3a9605301febf2
      size: 5966
    outs:
    - path: data/processed/test_processed.npz
      hash: md5
      md5: 3e64a04f1c3019ed494d39c421da2df5
      size: 6053741
    - path: data/processed/train_processed.npz
      hash: md5
      md5: e209bc90e12fdac7f85b6adea12364ea
      size: 24567017
  train:
    cmd: python train.py
    deps:
    - path: data/processed/test_processed.npz
      hash: md5
      md5: 3e64a04f1c3019ed494d39c421da2df5
      size: 6053741
    - path: data/processed/train_processed.npz
      hash: md5
      md5: e209bc90e12fdac7f85b6adea12364ea
      size: 24567017
    - path: train.py
      hash: md5
      md5: fdaa9e43db67aeebb705571ab14b2417
      size: 3191
    outs:
    - path: metrics/confusion_matrix.png
      hash: md5
      md5: 9478e61c9e3ee7ba2bb610cbeb8a3f3c
      size: 22131
    - path: metrics/metrics.json
      hash: md5
      md5: 8a251d89199d3cea274931a4dda2e134
      size: 204
